
Microsoft Visual Studio Solution File, Format Version 12.00
# Visual Studio Version 16
VisualStudioVersion = 16.0.30907.101
MinimumVisualStudioVersion = 10.0.40219.1
Project("{FAE04EC0-301F-11D3-BF4B-00C04F79EFBC}") = "NasaRovers", "NasaRovers.csproj", "{6ACAEED8-AD27-4560-8DBF-696149991E80}"
EndProject
Project("{FAE04EC0-301F-11D3-BF4B-00C04F79EFBC}") = "NasaRovers.Test", "..\NasaRovers.Test\NasaRovers.Test.csproj", "{12D981E1-221E-4339-97EC-7648E6629A42}"
EndProject
Global
	GlobalSection(SolutionConfigurationPlatforms) = preSolution
		Debug|Any CPU = Debug|Any CPU
		Release|Any CPU = Release|Any CPU
	EndGlobalSection
	GlobalSection(ProjectConfigurationPlatforms) = postSolution
		{6ACAEED8-AD27-4560-8DBF-696149991E80}.Debug|Any CPU.ActiveCfg = Debug|Any CPU
		{6ACAEED8-AD27-4560-8DBF-696149991E80}.Debug|Any CPU.Build.0 = Debug|Any CPU
		{6ACAEED8-AD27-4560-8DBF-696149991E80}.Release|Any CPU.ActiveCfg = Release|Any CPU
		{6ACAEED8-AD27-4560-8DBF-696149991E80}.Release|Any CPU.Build.0 = Release|Any CPU
		{12D981E1-221E-4339-97EC-7648E6629A42}.Debug|Any CPU.ActiveCfg = Debug|Any CPU
		{12D981E1-221E-4339-97EC-7648E6629A42}.Debug|Any CPU.Build.0 = Debug|Any CPU
		{12D981E1-221E-4339-97EC-7648E6629A42}.Release|Any CPU.ActiveCfg = Release|Any CPU
		{12D981E1-221E-4339-97EC-7648E6629A42}.Release|Any CPU.Build.0 = Release|Any CPU
	EndGlobalSection
	GlobalSection(SolutionProperties) = preSolution
		HideSolutionNode = FALSE
	EndGlobalSection
	GlobalSection(ExtensibilityGlobals) = postSolution
		SolutionGuid = {13E357EA-4FF0-4472-9742-F18FB0D43F2E}
	EndGlobalSection
EndGlobal
